
Microsoft Visual Studio Solution File, Format Version 12.00
# Visual Studio Version 17
VisualStudioVersion = 17.14.36212.18
MinimumVisualStudioVersion = 10.0.40219.1
Project("{FAE04EC0-301F-11D3-BF4B-00C04F79EFBC}") = "1Practice", "ToDoList\1Practice.csproj", "{C118F2B0-AB68-4A40-B3F4-7D2C9AA475AF}"
EndProject
Project("{FAE04EC0-301F-11D3-BF4B-00C04F79EFBC}") = "TODOList", "Calculator\TODOList.csproj", "{46C4A3A6-A6EC-4265-95B1-F471DC9FE43F}"
EndProject
Project("{FAE04EC0-301F-11D3-BF4B-00C04F79EFBC}") = "Dice Roll Game", "Dice Roll Game\Dice Roll Game.csproj", "{69A02E61-425F-49E0-9056-4C37B5E5D22A}"
EndProject
Project("{FAE04EC0-301F-11D3-BF4B-00C04F79EFBC}") = "Cookie CookBook", "Cookie CookBook\Cookie CookBook.csproj", "{71D42C2E-FED7-4CC0-8E66-3C31A1DDAFC7}"
EndProject
Global
	GlobalSection(SolutionConfigurationPlatforms) = preSolution
		Debug|Any CPU = Debug|Any CPU
		Release|Any CPU = Release|Any CPU
	EndGlobalSection
	GlobalSection(ProjectConfigurationPlatforms) = postSolution
		{C118F2B0-AB68-4A40-B3F4-7D2C9AA475AF}.Debug|Any CPU.ActiveCfg = Debug|Any CPU
		{C118F2B0-AB68-4A40-B3F4-7D2C9AA475AF}.Debug|Any CPU.Build.0 = Debug|Any CPU
		{C118F2B0-AB68-4A40-B3F4-7D2C9AA475AF}.Release|Any CPU.ActiveCfg = Release|Any CPU
		{C118F2B0-AB68-4A40-B3F4-7D2C9AA475AF}.Release|Any CPU.Build.0 = Release|Any CPU
		{46C4A3A6-A6EC-4265-95B1-F471DC9FE43F}.Debug|Any CPU.ActiveCfg = Debug|Any CPU
		{46C4A3A6-A6EC-4265-95B1-F471DC9FE43F}.Debug|Any CPU.Build.0 = Debug|Any CPU
		{46C4A3A6-A6EC-4265-95B1-F471DC9FE43F}.Release|Any CPU.ActiveCfg = Release|Any CPU
		{46C4A3A6-A6EC-4265-95B1-F471DC9FE43F}.Release|Any CPU.Build.0 = Release|Any CPU
		{69A02E61-425F-49E0-9056-4C37B5E5D22A}.Debug|Any CPU.ActiveCfg = Debug|Any CPU
		{69A02E61-425F-49E0-9056-4C37B5E5D22A}.Debug|Any CPU.Build.0 = Debug|Any CPU
		{69A02E61-425F-49E0-9056-4C37B5E5D22A}.Release|Any CPU.ActiveCfg = Release|Any CPU
		{69A02E61-425F-49E0-9056-4C37B5E5D22A}.Release|Any CPU.Build.0 = Release|Any CPU
		{71D42C2E-FED7-4CC0-8E66-3C31A1DDAFC7}.Debug|Any CPU.ActiveCfg = Debug|Any CPU
		{71D42C2E-FED7-4CC0-8E66-3C31A1DDAFC7}.Debug|Any CPU.Build.0 = Debug|Any CPU
		{71D42C2E-FED7-4CC0-8E66-3C31A1DDAFC7}.Release|Any CPU.ActiveCfg = Release|Any CPU
		{71D42C2E-FED7-4CC0-8E66-3C31A1DDAFC7}.Release|Any CPU.Build.0 = Release|Any CPU
	EndGlobalSection
	GlobalSection(SolutionProperties) = preSolution
		HideSolutionNode = FALSE
	EndGlobalSection
	GlobalSection(ExtensibilityGlobals) = postSolution
		SolutionGuid = {AA8A6E90-87DA-44B9-9E44-B7E66E04E32E}
	EndGlobalSection
EndGlobal
