
Microsoft Visual Studio Solution File, Format Version 12.00
# Visual Studio Version 17
VisualStudioVersion = 17.14.36212.18
MinimumVisualStudioVersion = 10.0.40219.1
Project("{FAE04EC0-301F-11D3-BF4B-00C04F79EFBC}") = "Dice Roll Game", "Dice Roll Game\Dice Roll Game.csproj", "{69A02E61-425F-49E0-9056-4C37B5E5D22A}"
EndProject
Project("{FAE04EC0-301F-11D3-BF4B-00C04F79EFBC}") = "Cookie CookBook", "Cookie CookBook\Cookie CookBook.csproj", "{71D42C2E-FED7-4CC0-8E66-3C31A1DDAFC7}"
EndProject
Project("{FAE04EC0-301F-11D3-BF4B-00C04F79EFBC}") = "Practice", "Practice\Practice.csproj", "{88CBA8FA-318D-42FE-98D9-61D47246972E}"
EndProject
Project("{FAE04EC0-301F-11D3-BF4B-00C04F79EFBC}") = "TODOList", "TODOList\TODOList.csproj", "{6CD40A2D-545E-C111-D437-1BE9E9C2C98C}"
EndProject
Project("{FAE04EC0-301F-11D3-BF4B-00C04F79EFBC}") = "GameDataParser", "GameDataParser\GameDataParser.csproj", "{3043A300-D3AA-47E4-8855-D76848FD285E}"
EndProject
Project("{FAE04EC0-301F-11D3-BF4B-00C04F79EFBC}") = "CustomCache", "CustomCache\CustomCache.csproj", "{A8D87AE1-DED8-4EAE-990A-8A8661982955}"
EndProject
Global
	GlobalSection(SolutionConfigurationPlatforms) = preSolution
		Debug|Any CPU = Debug|Any CPU
		Release|Any CPU = Release|Any CPU
	EndGlobalSection
	GlobalSection(ProjectConfigurationPlatforms) = postSolution
		{69A02E61-425F-49E0-9056-4C37B5E5D22A}.Debug|Any CPU.ActiveCfg = Debug|Any CPU
		{69A02E61-425F-49E0-9056-4C37B5E5D22A}.Debug|Any CPU.Build.0 = Debug|Any CPU
		{69A02E61-425F-49E0-9056-4C37B5E5D22A}.Release|Any CPU.ActiveCfg = Release|Any CPU
		{69A02E61-425F-49E0-9056-4C37B5E5D22A}.Release|Any CPU.Build.0 = Release|Any CPU
		{71D42C2E-FED7-4CC0-8E66-3C31A1DDAFC7}.Debug|Any CPU.ActiveCfg = Debug|Any CPU
		{71D42C2E-FED7-4CC0-8E66-3C31A1DDAFC7}.Debug|Any CPU.Build.0 = Debug|Any CPU
		{71D42C2E-FED7-4CC0-8E66-3C31A1DDAFC7}.Release|Any CPU.ActiveCfg = Release|Any CPU
		{71D42C2E-FED7-4CC0-8E66-3C31A1DDAFC7}.Release|Any CPU.Build.0 = Release|Any CPU
		{88CBA8FA-318D-42FE-98D9-61D47246972E}.Debug|Any CPU.ActiveCfg = Debug|Any CPU
		{88CBA8FA-318D-42FE-98D9-61D47246972E}.Debug|Any CPU.Build.0 = Debug|Any CPU
		{88CBA8FA-318D-42FE-98D9-61D47246972E}.Release|Any CPU.ActiveCfg = Release|Any CPU
		{88CBA8FA-318D-42FE-98D9-61D47246972E}.Release|Any CPU.Build.0 = Release|Any CPU
		{6CD40A2D-545E-C111-D437-1BE9E9C2C98C}.Debug|Any CPU.ActiveCfg = Debug|Any CPU
		{6CD40A2D-545E-C111-D437-1BE9E9C2C98C}.Debug|Any CPU.Build.0 = Debug|Any CPU
		{6CD40A2D-545E-C111-D437-1BE9E9C2C98C}.Release|Any CPU.ActiveCfg = Release|Any CPU
		{6CD40A2D-545E-C111-D437-1BE9E9C2C98C}.Release|Any CPU.Build.0 = Release|Any CPU
		{3043A300-D3AA-47E4-8855-D76848FD285E}.Debug|Any CPU.ActiveCfg = Debug|Any CPU
		{3043A300-D3AA-47E4-8855-D76848FD285E}.Debug|Any CPU.Build.0 = Debug|Any CPU
		{3043A300-D3AA-47E4-8855-D76848FD285E}.Release|Any CPU.ActiveCfg = Release|Any CPU
		{3043A300-D3AA-47E4-8855-D76848FD285E}.Release|Any CPU.Build.0 = Release|Any CPU
		{A8D87AE1-DED8-4EAE-990A-8A8661982955}.Debug|Any CPU.ActiveCfg = Debug|Any CPU
		{A8D87AE1-DED8-4EAE-990A-8A8661982955}.Debug|Any CPU.Build.0 = Debug|Any CPU
		{A8D87AE1-DED8-4EAE-990A-8A8661982955}.Release|Any CPU.ActiveCfg = Release|Any CPU
		{A8D87AE1-DED8-4EAE-990A-8A8661982955}.Release|Any CPU.Build.0 = Release|Any CPU
	EndGlobalSection
	GlobalSection(SolutionProperties) = preSolution
		HideSolutionNode = FALSE
	EndGlobalSection
	GlobalSection(ExtensibilityGlobals) = postSolution
		SolutionGuid = {AA8A6E90-87DA-44B9-9E44-B7E66E04E32E}
	EndGlobalSection
EndGlobal
