
Microsoft Visual Studio Solution File, Format Version 12.00
# Visual Studio Version 17
VisualStudioVersion = 17.14.36401.2 d17.14
MinimumVisualStudioVersion = 10.0.40219.1
Project("{FAE04EC0-301F-11D3-BF4B-00C04F79EFBC}") = "GameDataParser", "GameDataParser\GameDataParser.csproj", "{7699E15A-E9FC-4A3B-A679-11BC13F74FEB}"
EndProject
Global
	GlobalSection(SolutionConfigurationPlatforms) = preSolution
		Debug|Any CPU = Debug|Any CPU
		Release|Any CPU = Release|Any CPU
	EndGlobalSection
	GlobalSection(ProjectConfigurationPlatforms) = postSolution
		{7699E15A-E9FC-4A3B-A679-11BC13F74FEB}.Debug|Any CPU.ActiveCfg = Debug|Any CPU
		{7699E15A-E9FC-4A3B-A679-11BC13F74FEB}.Debug|Any CPU.Build.0 = Debug|Any CPU
		{7699E15A-E9FC-4A3B-A679-11BC13F74FEB}.Release|Any CPU.ActiveCfg = Release|Any CPU
		{7699E15A-E9FC-4A3B-A679-11BC13F74FEB}.Release|Any CPU.Build.0 = Release|Any CPU
	EndGlobalSection
	GlobalSection(SolutionProperties) = preSolution
		HideSolutionNode = FALSE
	EndGlobalSection
	GlobalSection(ExtensibilityGlobals) = postSolution
		SolutionGuid = {C3003D84-F09F-4EE4-9B94-80F7E4F54DF4}
	EndGlobalSection
EndGlobal
